{
	"name": "translation-script-content",
	"version": "1.0.0",
	"lockfileVersion": 3,
	"requires": true,
	"packages": {
		"": {
			"name": "translation-script-content",
			"version": "1.0.0",
			"license": "MIT",
			"dependencies": {
				"@aws-sdk/client-translate": "3.515.0",
				"@aws-sdk/credential-providers": "3.515.0",
				"dotenv": "16.3.1"
			}
		},
		"node_modules/@aws-crypto/crc32": {
			"version": "3.0.0",
			"resolved": "https://registry.npmjs.org/@aws-crypto/crc32/-/crc32-3.0.0.tgz",
			"integrity": "sha512-IzSgsrxUcsrejQbPVilIKy16kAT52EwB6zSaI+M3xxIhKh5+aldEyvI+z6erM7TCLB2BJsFrtHjp6/4/sr+3dA==",
			"dependencies": {
				"@aws-crypto/util": "^3.0.0",
				"@aws-sdk/types": "^3.222.0",
				"tslib": "^1.11.1"
			}
		},
		"node_modules/@aws-crypto/crc32/node_modules/tslib": {
			"version": "1.14.1",
			"resolved": "https://registry.npmjs.org/tslib/-/tslib-1.14.1.tgz",
			"integrity": "sha512-Xni35NKzjgMrwevysHTCArtLDpPvye8zV/0E4EyYn43P7/7qvQwPh9BGkHewbMulVntbigmcT7rdX3BNo9wRJg=="
		},
		"node_modules/@aws-crypto/ie11-detection": {
			"version": "3.0.0",
			"resolved": "https://registry.npmjs.org/@aws-crypto/ie11-detection/-/ie11-detection-3.0.0.tgz",
			"integrity": "sha512-341lBBkiY1DfDNKai/wXM3aujNBkXR7tq1URPQDL9wi3AUbI80NR74uF1TXHMm7po1AcnFk8iu2S2IeU/+/A+Q==",
			"dependencies": {
				"tslib": "^1.11.1"
			}
		},
		"node_modules/@aws-crypto/ie11-detection/node_modules/tslib": {
			"version": "1.14.1",
			"resolved": "https://registry.npmjs.org/tslib/-/tslib-1.14.1.tgz",
			"integrity": "sha512-Xni35NKzjgMrwevysHTCArtLDpPvye8zV/0E4EyYn43P7/7qvQwPh9BGkHewbMulVntbigmcT7rdX3BNo9wRJg=="
		},
		"node_modules/@aws-crypto/sha256-browser": {
			"version": "3.0.0",
			"resolved": "https://registry.npmjs.org/@aws-crypto/sha256-browser/-/sha256-browser-3.0.0.tgz",
			"integrity": "sha512-8VLmW2B+gjFbU5uMeqtQM6Nj0/F1bro80xQXCW6CQBWgosFWXTx77aeOF5CAIAmbOK64SdMBJdNr6J41yP5mvQ==",
			"dependencies": {
				"@aws-crypto/ie11-detection": "^3.0.0",
				"@aws-crypto/sha256-js": "^3.0.0",
				"@aws-crypto/supports-web-crypto": "^3.0.0",
				"@aws-crypto/util": "^3.0.0",
				"@aws-sdk/types": "^3.222.0",
				"@aws-sdk/util-locate-window": "^3.0.0",
				"@aws-sdk/util-utf8-browser": "^3.0.0",
				"tslib": "^1.11.1"
			}
		},
		"node_modules/@aws-crypto/sha256-browser/node_modules/tslib": {
			"version": "1.14.1",
			"resolved": "https://registry.npmjs.org/tslib/-/tslib-1.14.1.tgz",
			"integrity": "sha512-Xni35NKzjgMrwevysHTCArtLDpPvye8zV/0E4EyYn43P7/7qvQwPh9BGkHewbMulVntbigmcT7rdX3BNo9wRJg=="
		},
		"node_modules/@aws-crypto/sha256-js": {
			"version": "3.0.0",
			"resolved": "https://registry.npmjs.org/@aws-crypto/sha256-js/-/sha256-js-3.0.0.tgz",
			"integrity": "sha512-PnNN7os0+yd1XvXAy23CFOmTbMaDxgxXtTKHybrJ39Y8kGzBATgBFibWJKH6BhytLI/Zyszs87xCOBNyBig6vQ==",
			"dependencies": {
				"@aws-crypto/util": "^3.0.0",
				"@aws-sdk/types": "^3.222.0",
				"tslib": "^1.11.1"
			}
		},
		"node_modules/@aws-crypto/sha256-js/node_modules/tslib": {
			"version": "1.14.1",
			"resolved": "https://registry.npmjs.org/tslib/-/tslib-1.14.1.tgz",
			"integrity": "sha512-Xni35NKzjgMrwevysHTCArtLDpPvye8zV/0E4EyYn43P7/7qvQwPh9BGkHewbMulVntbigmcT7rdX3BNo9wRJg=="
		},
		"node_modules/@aws-crypto/supports-web-crypto": {
			"version": "3.0.0",
			"resolved": "https://registry.npmjs.org/@aws-crypto/supports-web-crypto/-/supports-web-crypto-3.0.0.tgz",
			"integrity": "sha512-06hBdMwUAb2WFTuGG73LSC0wfPu93xWwo5vL2et9eymgmu3Id5vFAHBbajVWiGhPO37qcsdCap/FqXvJGJWPIg==",
			"dependencies": {
				"tslib": "^1.11.1"
			}
		},
		"node_modules/@aws-crypto/supports-web-crypto/node_modules/tslib": {
			"version": "1.14.1",
			"resolved": "https://registry.npmjs.org/tslib/-/tslib-1.14.1.tgz",
			"integrity": "sha512-Xni35NKzjgMrwevysHTCArtLDpPvye8zV/0E4EyYn43P7/7qvQwPh9BGkHewbMulVntbigmcT7rdX3BNo9wRJg=="
		},
		"node_modules/@aws-crypto/util": {
			"version": "3.0.0",
			"resolved": "https://registry.npmjs.org/@aws-crypto/util/-/util-3.0.0.tgz",
			"integrity": "sha512-2OJlpeJpCR48CC8r+uKVChzs9Iungj9wkZrl8Z041DWEWvyIHILYKCPNzJghKsivj+S3mLo6BVc7mBNzdxA46w==",
			"dependencies": {
				"@aws-sdk/types": "^3.222.0",
				"@aws-sdk/util-utf8-browser": "^3.0.0",
				"tslib": "^1.11.1"
			}
		},
		"node_modules/@aws-crypto/util/node_modules/tslib": {
			"version": "1.14.1",
			"resolved": "https://registry.npmjs.org/tslib/-/tslib-1.14.1.tgz",
			"integrity": "sha512-Xni35NKzjgMrwevysHTCArtLDpPvye8zV/0E4EyYn43P7/7qvQwPh9BGkHewbMulVntbigmcT7rdX3BNo9wRJg=="
		},
		"node_modules/@aws-sdk/client-cognito-identity": {
			"version": "3.515.0",
			"resolved": "https://registry.npmjs.org/@aws-sdk/client-cognito-identity/-/client-cognito-identity-3.515.0.tgz",
			"integrity": "sha512-e51ImjjRLzXkPEYguvGCbhWPNhoV2OGS6mKHCR940XEeImt04yE1tytYP1vXYpPICmuYgz79BV0FOC9J5N9bvg==",
			"dependencies": {
				"@aws-crypto/sha256-browser": "3.0.0",
				"@aws-crypto/sha256-js": "3.0.0",
				"@aws-sdk/client-sts": "3.515.0",
				"@aws-sdk/core": "3.513.0",
				"@aws-sdk/credential-provider-node": "3.515.0",
				"@aws-sdk/middleware-host-header": "3.515.0",
				"@aws-sdk/middleware-logger": "3.515.0",
				"@aws-sdk/middleware-recursion-detection": "3.515.0",
				"@aws-sdk/middleware-user-agent": "3.515.0",
				"@aws-sdk/region-config-resolver": "3.515.0",
				"@aws-sdk/types": "3.515.0",
				"@aws-sdk/util-endpoints": "3.515.0",
				"@aws-sdk/util-user-agent-browser": "3.515.0",
				"@aws-sdk/util-user-agent-node": "3.515.0",
				"@smithy/config-resolver": "^2.1.1",
				"@smithy/core": "^1.3.2",
				"@smithy/fetch-http-handler": "^2.4.1",
				"@smithy/hash-node": "^2.1.1",
				"@smithy/invalid-dependency": "^2.1.1",
				"@smithy/middleware-content-length": "^2.1.1",
				"@smithy/middleware-endpoint": "^2.4.1",
				"@smithy/middleware-retry": "^2.1.1",
				"@smithy/middleware-serde": "^2.1.1",
				"@smithy/middleware-stack": "^2.1.1",
				"@smithy/node-config-provider": "^2.2.1",
				"@smithy/node-http-handler": "^2.3.1",
				"@smithy/protocol-http": "^3.1.1",
				"@smithy/smithy-client": "^2.3.1",
				"@smithy/types": "^2.9.1",
				"@smithy/url-parser": "^2.1.1",
				"@smithy/util-base64": "^2.1.1",
				"@smithy/util-body-length-browser": "^2.1.1",
				"@smithy/util-body-length-node": "^2.2.1",
				"@smithy/util-defaults-mode-browser": "^2.1.1",
				"@smithy/util-defaults-mode-node": "^2.2.0",
				"@smithy/util-endpoints": "^1.1.1",
				"@smithy/util-middleware": "^2.1.1",
				"@smithy/util-retry": "^2.1.1",
				"@smithy/util-utf8": "^2.1.1",
				"tslib": "^2.5.0"
			},
			"engines": {
				"node": ">=14.0.0"
			}
		},
		"node_modules/@aws-sdk/client-sso": {
			"version": "3.515.0",
			"resolved": "https://registry.npmjs.org/@aws-sdk/client-sso/-/client-sso-3.515.0.tgz",
			"integrity": "sha512-4oGBLW476zmkdN98lAns3bObRNO+DLOfg4MDUSR6l6GYBV/zGAtoy2O/FhwYKgA2L5h2ZtElGopLlk/1Q0ePLw==",
			"dependencies": {
				"@aws-crypto/sha256-browser": "3.0.0",
				"@aws-crypto/sha256-js": "3.0.0",
				"@aws-sdk/core": "3.513.0",
				"@aws-sdk/middleware-host-header": "3.515.0",
				"@aws-sdk/middleware-logger": "3.515.0",
				"@aws-sdk/middleware-recursion-detection": "3.515.0",
				"@aws-sdk/middleware-user-agent": "3.515.0",
				"@aws-sdk/region-config-resolver": "3.515.0",
				"@aws-sdk/types": "3.515.0",
				"@aws-sdk/util-endpoints": "3.515.0",
				"@aws-sdk/util-user-agent-browser": "3.515.0",
				"@aws-sdk/util-user-agent-node": "3.515.0",
				"@smithy/config-resolver": "^2.1.1",
				"@smithy/core": "^1.3.2",
				"@smithy/fetch-http-handler": "^2.4.1",
				"@smithy/hash-node": "^2.1.1",
				"@smithy/invalid-dependency": "^2.1.1",
				"@smithy/middleware-content-length": "^2.1.1",
				"@smithy/middleware-endpoint": "^2.4.1",
				"@smithy/middleware-retry": "^2.1.1",
				"@smithy/middleware-serde": "^2.1.1",
				"@smithy/middleware-stack": "^2.1.1",
				"@smithy/node-config-provider": "^2.2.1",
				"@smithy/node-http-handler": "^2.3.1",
				"@smithy/protocol-http": "^3.1.1",
				"@smithy/smithy-client": "^2.3.1",
				"@smithy/types": "^2.9.1",
				"@smithy/url-parser": "^2.1.1",
				"@smithy/util-base64": "^2.1.1",
				"@smithy/util-body-length-browser": "^2.1.1",
				"@smithy/util-body-length-node": "^2.2.1",
				"@smithy/util-defaults-mode-browser": "^2.1.1",
				"@smithy/util-defaults-mode-node": "^2.2.0",
				"@smithy/util-endpoints": "^1.1.1",
				"@smithy/util-middleware": "^2.1.1",
				"@smithy/util-retry": "^2.1.1",
				"@smithy/util-utf8": "^2.1.1",
				"tslib": "^2.5.0"
			},
			"engines": {
				"node": ">=14.0.0"
			}
		},
		"node_modules/@aws-sdk/client-sso-oidc": {
			"version": "3.515.0",
			"resolved": "https://registry.npmjs.org/@aws-sdk/client-sso-oidc/-/client-sso-oidc-3.515.0.tgz",
			"integrity": "sha512-zACa8LNlPUdlNUBqQRf5a3MfouLNtcBfm84v2c8M976DwJrMGONPe1QjyLLsD38uESQiXiVQRruj/b000iMXNw==",
			"dependencies": {
				"@aws-crypto/sha256-browser": "3.0.0",
				"@aws-crypto/sha256-js": "3.0.0",
				"@aws-sdk/client-sts": "3.515.0",
				"@aws-sdk/core": "3.513.0",
				"@aws-sdk/middleware-host-header": "3.515.0",
				"@aws-sdk/middleware-logger": "3.515.0",
				"@aws-sdk/middleware-recursion-detection": "3.515.0",
				"@aws-sdk/middleware-user-agent": "3.515.0",
				"@aws-sdk/region-config-resolver": "3.515.0",
				"@aws-sdk/types": "3.515.0",
				"@aws-sdk/util-endpoints": "3.515.0",
				"@aws-sdk/util-user-agent-browser": "3.515.0",
				"@aws-sdk/util-user-agent-node": "3.515.0",
				"@smithy/config-resolver": "^2.1.1",
				"@smithy/core": "^1.3.2",
				"@smithy/fetch-http-handler": "^2.4.1",
				"@smithy/hash-node": "^2.1.1",
				"@smithy/invalid-dependency": "^2.1.1",
				"@smithy/middleware-content-length": "^2.1.1",
				"@smithy/middleware-endpoint": "^2.4.1",
				"@smithy/middleware-retry": "^2.1.1",
				"@smithy/middleware-serde": "^2.1.1",
				"@smithy/middleware-stack": "^2.1.1",
				"@smithy/node-config-provider": "^2.2.1",
				"@smithy/node-http-handler": "^2.3.1",
				"@smithy/protocol-http": "^3.1.1",
				"@smithy/smithy-client": "^2.3.1",
				"@smithy/types": "^2.9.1",
				"@smithy/url-parser": "^2.1.1",
				"@smithy/util-base64": "^2.1.1",
				"@smithy/util-body-length-browser": "^2.1.1",
				"@smithy/util-body-length-node": "^2.2.1",
				"@smithy/util-defaults-mode-browser": "^2.1.1",
				"@smithy/util-defaults-mode-node": "^2.2.0",
				"@smithy/util-endpoints": "^1.1.1",
				"@smithy/util-middleware": "^2.1.1",
				"@smithy/util-retry": "^2.1.1",
				"@smithy/util-utf8": "^2.1.1",
				"tslib": "^2.5.0"
			},
			"engines": {
				"node": ">=14.0.0"
			},
			"peerDependencies": {
				"@aws-sdk/credential-provider-node": "^3.515.0"
			}
		},
		"node_modules/@aws-sdk/client-sts": {
			"version": "3.515.0",
			"resolved": "https://registry.npmjs.org/@aws-sdk/client-sts/-/client-sts-3.515.0.tgz",
			"integrity": "sha512-ScYuvaIDgip3atOJIA1FU2n0gJkEdveu1KrrCPathoUCV5zpK8qQmO/n+Fj/7hKFxeKdFbB+4W4CsJWYH94nlg==",
			"dependencies": {
				"@aws-crypto/sha256-browser": "3.0.0",
				"@aws-crypto/sha256-js": "3.0.0",
				"@aws-sdk/core": "3.513.0",
				"@aws-sdk/middleware-host-header": "3.515.0",
				"@aws-sdk/middleware-logger": "3.515.0",
				"@aws-sdk/middleware-recursion-detection": "3.515.0",
				"@aws-sdk/middleware-user-agent": "3.515.0",
				"@aws-sdk/region-config-resolver": "3.515.0",
				"@aws-sdk/types": "3.515.0",
				"@aws-sdk/util-endpoints": "3.515.0",
				"@aws-sdk/util-user-agent-browser": "3.515.0",
				"@aws-sdk/util-user-agent-node": "3.515.0",
				"@smithy/config-resolver": "^2.1.1",
				"@smithy/core": "^1.3.2",
				"@smithy/fetch-http-handler": "^2.4.1",
				"@smithy/hash-node": "^2.1.1",
				"@smithy/invalid-dependency": "^2.1.1",
				"@smithy/middleware-content-length": "^2.1.1",
				"@smithy/middleware-endpoint": "^2.4.1",
				"@smithy/middleware-retry": "^2.1.1",
				"@smithy/middleware-serde": "^2.1.1",
				"@smithy/middleware-stack": "^2.1.1",
				"@smithy/node-config-provider": "^2.2.1",
				"@smithy/node-http-handler": "^2.3.1",
				"@smithy/protocol-http": "^3.1.1",
				"@smithy/smithy-client": "^2.3.1",
				"@smithy/types": "^2.9.1",
				"@smithy/url-parser": "^2.1.1",
				"@smithy/util-base64": "^2.1.1",
				"@smithy/util-body-length-browser": "^2.1.1",
				"@smithy/util-body-length-node": "^2.2.1",
				"@smithy/util-defaults-mode-browser": "^2.1.1",
				"@smithy/util-defaults-mode-node": "^2.2.0",
				"@smithy/util-endpoints": "^1.1.1",
				"@smithy/util-middleware": "^2.1.1",
				"@smithy/util-retry": "^2.1.1",
				"@smithy/util-utf8": "^2.1.1",
				"fast-xml-parser": "4.2.5",
				"tslib": "^2.5.0"
			},
			"engines": {
				"node": ">=14.0.0"
			},
			"peerDependencies": {
				"@aws-sdk/credential-provider-node": "^3.515.0"
			}
		},
		"node_modules/@aws-sdk/client-translate": {
			"version": "3.515.0",
			"resolved": "https://registry.npmjs.org/@aws-sdk/client-translate/-/client-translate-3.515.0.tgz",
			"integrity": "sha512-ayeI2Q/cMU8n0tAagMejLFLAAsbUGtgj70AFyT561JgUawsBiJomA+/LlTntZCmvgLudSmuLh5nGh/fefO23Pg==",
			"dependencies": {
				"@aws-crypto/sha256-browser": "3.0.0",
				"@aws-crypto/sha256-js": "3.0.0",
				"@aws-sdk/client-sts": "3.515.0",
				"@aws-sdk/core": "3.513.0",
				"@aws-sdk/credential-provider-node": "3.515.0",
				"@aws-sdk/middleware-host-header": "3.515.0",
				"@aws-sdk/middleware-logger": "3.515.0",
				"@aws-sdk/middleware-recursion-detection": "3.515.0",
				"@aws-sdk/middleware-user-agent": "3.515.0",
				"@aws-sdk/region-config-resolver": "3.515.0",
				"@aws-sdk/types": "3.515.0",
				"@aws-sdk/util-endpoints": "3.515.0",
				"@aws-sdk/util-user-agent-browser": "3.515.0",
				"@aws-sdk/util-user-agent-node": "3.515.0",
				"@smithy/config-resolver": "^2.1.1",
				"@smithy/core": "^1.3.2",
				"@smithy/fetch-http-handler": "^2.4.1",
				"@smithy/hash-node": "^2.1.1",
				"@smithy/invalid-dependency": "^2.1.1",
				"@smithy/middleware-content-length": "^2.1.1",
				"@smithy/middleware-endpoint": "^2.4.1",
				"@smithy/middleware-retry": "^2.1.1",
				"@smithy/middleware-serde": "^2.1.1",
				"@smithy/middleware-stack": "^2.1.1",
				"@smithy/node-config-provider": "^2.2.1",
				"@smithy/node-http-handler": "^2.3.1",
				"@smithy/protocol-http": "^3.1.1",
				"@smithy/smithy-client": "^2.3.1",
				"@smithy/types": "^2.9.1",
				"@smithy/url-parser": "^2.1.1",
				"@smithy/util-base64": "^2.1.1",
				"@smithy/util-body-length-browser": "^2.1.1",
				"@smithy/util-body-length-node": "^2.2.1",
				"@smithy/util-defaults-mode-browser": "^2.1.1",
				"@smithy/util-defaults-mode-node": "^2.2.0",
				"@smithy/util-endpoints": "^1.1.1",
				"@smithy/util-middleware": "^2.1.1",
				"@smithy/util-retry": "^2.1.1",
				"@smithy/util-utf8": "^2.1.1",
				"tslib": "^2.5.0",
				"uuid": "^9.0.1"
			},
			"engines": {
				"node": ">=14.0.0"
			}
		},
		"node_modules/@aws-sdk/core": {
			"version": "3.513.0",
			"resolved": "https://registry.npmjs.org/@aws-sdk/core/-/core-3.513.0.tgz",
			"integrity": "sha512-L+9DL4apWuqNKVOMJ8siAuWoRM9rZf9w1iPv8S2o83WO2jVK7E/m+rNW1dFo9HsA5V1ccDl2H2qLXx24HiHmOw==",
			"dependencies": {
				"@smithy/core": "^1.3.2",
				"@smithy/protocol-http": "^3.1.1",
				"@smithy/signature-v4": "^2.1.1",
				"@smithy/smithy-client": "^2.3.1",
				"@smithy/types": "^2.9.1",
				"tslib": "^2.5.0"
			},
			"engines": {
				"node": ">=14.0.0"
			}
		},
		"node_modules/@aws-sdk/credential-provider-cognito-identity": {
			"version": "3.515.0",
			"resolved": "https://registry.npmjs.org/@aws-sdk/credential-provider-cognito-identity/-/credential-provider-cognito-identity-3.515.0.tgz",
			"integrity": "sha512-pWMJFhNc6bLbCpKhYXWWa23wMyhpFFyw3kF/6ea+95JQHF0FY2l4wDQa7ynE4hW4Wf5oA3Sf7Wf87pp9iAHubQ==",
			"dependencies": {
				"@aws-sdk/client-cognito-identity": "3.515.0",
				"@aws-sdk/types": "3.515.0",
				"@smithy/property-provider": "^2.1.1",
				"@smithy/types": "^2.9.1",
				"tslib": "^2.5.0"
			},
			"engines": {
				"node": ">=14.0.0"
			}
		},
		"node_modules/@aws-sdk/credential-provider-env": {
			"version": "3.515.0",
			"resolved": "https://registry.npmjs.org/@aws-sdk/credential-provider-env/-/credential-provider-env-3.515.0.tgz",
			"integrity": "sha512-45vxdyqhTAaUMERYVWOziG3K8L2TV9G4ryQS/KZ84o7NAybE9GMdoZRVmGHAO7mJJ1wQiYCM/E+i5b3NW9JfNA==",
			"dependencies": {
				"@aws-sdk/types": "3.515.0",
				"@smithy/property-provider": "^2.1.1",
				"@smithy/types": "^2.9.1",
				"tslib": "^2.5.0"
			},
			"engines": {
				"node": ">=14.0.0"
			}
		},
		"node_modules/@aws-sdk/credential-provider-http": {
			"version": "3.515.0",
			"resolved": "https://registry.npmjs.org/@aws-sdk/credential-provider-http/-/credential-provider-http-3.515.0.tgz",
			"integrity": "sha512-Ba6FXK77vU4WyheiamNjEuTFmir0eAXuJGPO27lBaA8g+V/seXGHScsbOG14aQGDOr2P02OPwKGZrWWA7BFpfQ==",
			"dependencies": {
				"@aws-sdk/types": "3.515.0",
				"@smithy/fetch-http-handler": "^2.4.1",
				"@smithy/node-http-handler": "^2.3.1",
				"@smithy/property-provider": "^2.1.1",
				"@smithy/protocol-http": "^3.1.1",
				"@smithy/smithy-client": "^2.3.1",
				"@smithy/types": "^2.9.1",
				"@smithy/util-stream": "^2.1.1",
				"tslib": "^2.5.0"
			},
			"engines": {
				"node": ">=14.0.0"
			}
		},
		"node_modules/@aws-sdk/credential-provider-ini": {
			"version": "3.515.0",
			"resolved": "https://registry.npmjs.org/@aws-sdk/credential-provider-ini/-/credential-provider-ini-3.515.0.tgz",
			"integrity": "sha512-ouDlNZdv2TKeVEA/YZk2+XklTXyAAGdbWnl4IgN9ItaodWI+lZjdIoNC8BAooVH+atIV/cZgoGTGQL7j2TxJ9A==",
			"dependencies": {
				"@aws-sdk/client-sts": "3.515.0",
				"@aws-sdk/credential-provider-env": "3.515.0",
				"@aws-sdk/credential-provider-process": "3.515.0",
				"@aws-sdk/credential-provider-sso": "3.515.0",
				"@aws-sdk/credential-provider-web-identity": "3.515.0",
				"@aws-sdk/types": "3.515.0",
				"@smithy/credential-provider-imds": "^2.2.1",
				"@smithy/property-provider": "^2.1.1",
				"@smithy/shared-ini-file-loader": "^2.3.1",
				"@smithy/types": "^2.9.1",
				"tslib": "^2.5.0"
			},
			"engines": {
				"node": ">=14.0.0"
			}
		},
		"node_modules/@aws-sdk/credential-provider-node": {
			"version": "3.515.0",
			"resolved": "https://registry.npmjs.org/@aws-sdk/credential-provider-node/-/credential-provider-node-3.515.0.tgz",
			"integrity": "sha512-Y4kHSpbxksiCZZNcvsiKUd8Fb2XlyUuONEwqWFNL82ZH6TCCjBGS31wJQCSxBHqYcOL3tiORUEJkoO7uS30uQA==",
			"dependencies": {
				"@aws-sdk/credential-provider-env": "3.515.0",
				"@aws-sdk/credential-provider-http": "3.515.0",
				"@aws-sdk/credential-provider-ini": "3.515.0",
				"@aws-sdk/credential-provider-process": "3.515.0",
				"@aws-sdk/credential-provider-sso": "3.515.0",
				"@aws-sdk/credential-provider-web-identity": "3.515.0",
				"@aws-sdk/types": "3.515.0",
				"@smithy/credential-provider-imds": "^2.2.1",
				"@smithy/property-provider": "^2.1.1",
				"@smithy/shared-ini-file-loader": "^2.3.1",
				"@smithy/types": "^2.9.1",
				"tslib": "^2.5.0"
			},
			"engines": {
				"node": ">=14.0.0"
			}
		},
		"node_modules/@aws-sdk/credential-provider-process": {
			"version": "3.515.0",
			"resolved": "https://registry.npmjs.org/@aws-sdk/credential-provider-process/-/credential-provider-process-3.515.0.tgz",
			"integrity": "sha512-pSjiOA2FM63LHRKNDvEpBRp80FVGT0Mw/gzgbqFXP+sewk0WVonYbEcMDTJptH3VsLPGzqH/DQ1YL/aEIBuXFQ==",
			"dependencies": {
				"@aws-sdk/types": "3.515.0",
				"@smithy/property-provider": "^2.1.1",
				"@smithy/shared-ini-file-loader": "^2.3.1",
				"@smithy/types": "^2.9.1",
				"tslib": "^2.5.0"
			},
			"engines": {
				"node": ">=14.0.0"
			}
		},
		"node_modules/@aws-sdk/credential-provider-sso": {
			"version": "3.515.0",
			"resolved": "https://registry.npmjs.org/@aws-sdk/credential-provider-sso/-/credential-provider-sso-3.515.0.tgz",
			"integrity": "sha512-j7vUkiSmuhpBvZYoPTRTI4ePnQbiZMFl6TNhg9b9DprC1zHkucsZnhRhqjOVlrw/H6J4jmcPGcHHTZ5WQNI5xQ==",
			"dependencies": {
				"@aws-sdk/client-sso": "3.515.0",
				"@aws-sdk/token-providers": "3.515.0",
				"@aws-sdk/types": "3.515.0",
				"@smithy/property-provider": "^2.1.1",
				"@smithy/shared-ini-file-loader": "^2.3.1",
				"@smithy/types": "^2.9.1",
				"tslib": "^2.5.0"
			},
			"engines": {
				"node": ">=14.0.0"
			}
		},
		"node_modules/@aws-sdk/credential-provider-web-identity": {
			"version": "3.515.0",
			"resolved": "https://registry.npmjs.org/@aws-sdk/credential-provider-web-identity/-/credential-provider-web-identity-3.515.0.tgz",
			"integrity": "sha512-66+2g4z3fWwdoGReY8aUHvm6JrKZMTRxjuizljVmMyOBttKPeBYXvUTop/g3ZGUx1f8j+C5qsGK52viYBvtjuQ==",
			"dependencies": {
				"@aws-sdk/client-sts": "3.515.0",
				"@aws-sdk/types": "3.515.0",
				"@smithy/property-provider": "^2.1.1",
				"@smithy/types": "^2.9.1",
				"tslib": "^2.5.0"
			},
			"engines": {
				"node": ">=14.0.0"
			}
		},
		"node_modules/@aws-sdk/credential-providers": {
			"version": "3.515.0",
			"resolved": "https://registry.npmjs.org/@aws-sdk/credential-providers/-/credential-providers-3.515.0.tgz",
			"integrity": "sha512-XQ9maVLTtv6iJbOYiRS+IvaPlFkJDuxfpfxuky3aPzQpxDilU4cf1CfIDua8qivZKQ4QQOd1EaBMXPIpLI1ZTQ==",
			"dependencies": {
				"@aws-sdk/client-cognito-identity": "3.515.0",
				"@aws-sdk/client-sso": "3.515.0",
				"@aws-sdk/client-sts": "3.515.0",
				"@aws-sdk/credential-provider-cognito-identity": "3.515.0",
				"@aws-sdk/credential-provider-env": "3.515.0",
				"@aws-sdk/credential-provider-http": "3.515.0",
				"@aws-sdk/credential-provider-ini": "3.515.0",
				"@aws-sdk/credential-provider-node": "3.515.0",
				"@aws-sdk/credential-provider-process": "3.515.0",
				"@aws-sdk/credential-provider-sso": "3.515.0",
				"@aws-sdk/credential-provider-web-identity": "3.515.0",
				"@aws-sdk/types": "3.515.0",
				"@smithy/credential-provider-imds": "^2.2.1",
				"@smithy/property-provider": "^2.1.1",
				"@smithy/types": "^2.9.1",
				"tslib": "^2.5.0"
			},
			"engines": {
				"node": ">=14.0.0"
			}
		},
		"node_modules/@aws-sdk/middleware-host-header": {
			"version": "3.515.0",
			"resolved": "https://registry.npmjs.org/@aws-sdk/middleware-host-header/-/middleware-host-header-3.515.0.tgz",
			"integrity": "sha512-I1MwWPzdRKM1luvdDdjdGsDjNVPhj9zaIytEchjTY40NcKOg+p2evLD2y69ozzg8pyXK63r8DdvDGOo9QPuh0A==",
			"dependencies": {
				"@aws-sdk/types": "3.515.0",
				"@smithy/protocol-http": "^3.1.1",
				"@smithy/types": "^2.9.1",
				"tslib": "^2.5.0"
			},
			"engines": {
				"node": ">=14.0.0"
			}
		},
		"node_modules/@aws-sdk/middleware-logger": {
			"version": "3.515.0",
			"resolved": "https://registry.npmjs.org/@aws-sdk/middleware-logger/-/middleware-logger-3.515.0.tgz",
			"integrity": "sha512-qXomJzg2m/5seQOxHi/yOXOKfSjwrrJSmEmfwJKJyQgdMbBcjz3Cz0H/1LyC6c5hHm6a/SZgSTzDAbAoUmyL+Q==",
			"dependencies": {
				"@aws-sdk/types": "3.515.0",
				"@smithy/types": "^2.9.1",
				"tslib": "^2.5.0"
			},
			"engines": {
				"node": ">=14.0.0"
			}
		},
		"node_modules/@aws-sdk/middleware-recursion-detection": {
			"version": "3.515.0",
			"resolved": "https://registry.npmjs.org/@aws-sdk/middleware-recursion-detection/-/middleware-recursion-detection-3.515.0.tgz",
			"integrity": "sha512-dokHLbTV3IHRIBrw9mGoxcNTnQsjlm7TpkJhPdGT9T4Mq399EyQo51u6IsVMm07RXLl2Zw7u+u9p+qWBFzmFRA==",
			"dependencies": {
				"@aws-sdk/types": "3.515.0",
				"@smithy/protocol-http": "^3.1.1",
				"@smithy/types": "^2.9.1",
				"tslib": "^2.5.0"
			},
			"engines": {
				"node": ">=14.0.0"
			}
		},
		"node_modules/@aws-sdk/middleware-user-agent": {
			"version": "3.515.0",
			"resolved": "https://registry.npmjs.org/@aws-sdk/middleware-user-agent/-/middleware-user-agent-3.515.0.tgz",
			"integrity": "sha512-nOqZjGA/GkjuJ5fUshec9Fv6HFd7ovOTxMJbw3MfAhqXuVZ6dKF41lpVJ4imNsgyFt3shUg9WDY8zGFjlYMB3g==",
			"dependencies": {
				"@aws-sdk/types": "3.515.0",
				"@aws-sdk/util-endpoints": "3.515.0",
				"@smithy/protocol-http": "^3.1.1",
				"@smithy/types": "^2.9.1",
				"tslib": "^2.5.0"
			},
			"engines": {
				"node": ">=14.0.0"
			}
		},
		"node_modules/@aws-sdk/region-config-resolver": {
			"version": "3.515.0",
			"resolved": "https://registry.npmjs.org/@aws-sdk/region-config-resolver/-/region-config-resolver-3.515.0.tgz",
			"integrity": "sha512-RIRx9loxMgEAc/r1wPfnfShOuzn4RBi8pPPv6/jhhITEeMnJe6enAh2k5y9DdiVDDgCWZgVFSv0YkAIfzAFsnQ==",
			"dependencies": {
				"@aws-sdk/types": "3.515.0",
				"@smithy/node-config-provider": "^2.2.1",
				"@smithy/types": "^2.9.1",
				"@smithy/util-config-provider": "^2.2.1",
				"@smithy/util-middleware": "^2.1.1",
				"tslib": "^2.5.0"
			},
			"engines": {
				"node": ">=14.0.0"
			}
		},
		"node_modules/@aws-sdk/token-providers": {
			"version": "3.515.0",
			"resolved": "https://registry.npmjs.org/@aws-sdk/token-providers/-/token-providers-3.515.0.tgz",
			"integrity": "sha512-MQuf04rIcTXqwDzmyHSpFPF1fKEzRl64oXtCRUF3ddxTdK6wxXkePfK6wNCuL+GEbEcJAoCtIGIRpzGPJvQjHA==",
			"dependencies": {
				"@aws-sdk/client-sso-oidc": "3.515.0",
				"@aws-sdk/types": "3.515.0",
				"@smithy/property-provider": "^2.1.1",
				"@smithy/shared-ini-file-loader": "^2.3.1",
				"@smithy/types": "^2.9.1",
				"tslib": "^2.5.0"
			},
			"engines": {
				"node": ">=14.0.0"
			}
		},
		"node_modules/@aws-sdk/types": {
			"version": "3.515.0",
			"resolved": "https://registry.npmjs.org/@aws-sdk/types/-/types-3.515.0.tgz",
			"integrity": "sha512-B3gUpiMlpT6ERaLvZZ61D0RyrQPsFYDkCncLPVkZOKkCOoFU46zi1o6T5JcYiz8vkx1q9RGloQ5exh79s5pU/w==",
			"dependencies": {
				"@smithy/types": "^2.9.1",
				"tslib": "^2.5.0"
			},
			"engines": {
				"node": ">=14.0.0"
			}
		},
		"node_modules/@aws-sdk/util-endpoints": {
			"version": "3.515.0",
			"resolved": "https://registry.npmjs.org/@aws-sdk/util-endpoints/-/util-endpoints-3.515.0.tgz",
			"integrity": "sha512-UJi+jdwcGFV/F7d3+e2aQn5yZOVpDiAgfgNhPnEtgV0WozJ5/ZUeZBgWvSc/K415N4A4D/9cbBc7+I+35qzcDQ==",
			"dependencies": {
				"@aws-sdk/types": "3.515.0",
				"@smithy/types": "^2.9.1",
				"@smithy/util-endpoints": "^1.1.1",
				"tslib": "^2.5.0"
			},
			"engines": {
				"node": ">=14.0.0"
			}
		},
		"node_modules/@aws-sdk/util-locate-window": {
			"version": "3.495.0",
			"resolved": "https://registry.npmjs.org/@aws-sdk/util-locate-window/-/util-locate-window-3.495.0.tgz",
			"integrity": "sha512-MfaPXT0kLX2tQaR90saBT9fWQq2DHqSSJRzW+MZWsmF+y5LGCOhO22ac/2o6TKSQm7h0HRc2GaADqYYYor62yg==",
			"dependencies": {
				"tslib": "^2.5.0"
			},
			"engines": {
				"node": ">=14.0.0"
			}
		},
		"node_modules/@aws-sdk/util-user-agent-browser": {
			"version": "3.515.0",
			"resolved": "https://registry.npmjs.org/@aws-sdk/util-user-agent-browser/-/util-user-agent-browser-3.515.0.tgz",
			"integrity": "sha512-pTWQb0JCafTmLHLDv3Qqs/nAAJghcPdGQIBpsCStb0YEzg3At/dOi2AIQ683yYnXmeOxLXJDzmlsovfVObJScw==",
			"dependencies": {
				"@aws-sdk/types": "3.515.0",
				"@smithy/types": "^2.9.1",
				"bowser": "^2.11.0",
				"tslib": "^2.5.0"
			}
		},
		"node_modules/@aws-sdk/util-user-agent-node": {
			"version": "3.515.0",
			"resolved": "https://registry.npmjs.org/@aws-sdk/util-user-agent-node/-/util-user-agent-node-3.515.0.tgz",
			"integrity": "sha512-A/KJ+/HTohHyVXLH+t/bO0Z2mPrQgELbQO8tX+B2nElo8uklj70r5cT7F8ETsI9oOy+HDVpiL5/v45ZgpUOiPg==",
			"dependencies": {
				"@aws-sdk/types": "3.515.0",
				"@smithy/node-config-provider": "^2.2.1",
				"@smithy/types": "^2.9.1",
				"tslib": "^2.5.0"
			},
			"engines": {
				"node": ">=14.0.0"
			},
			"peerDependencies": {
				"aws-crt": ">=1.0.0"
			},
			"peerDependenciesMeta": {
				"aws-crt": {
					"optional": true
				}
			}
		},
		"node_modules/@aws-sdk/util-utf8-browser": {
			"version": "3.259.0",
			"resolved": "https://registry.npmjs.org/@aws-sdk/util-utf8-browser/-/util-utf8-browser-3.259.0.tgz",
			"integrity": "sha512-UvFa/vR+e19XookZF8RzFZBrw2EUkQWxiBW0yYQAhvk3C+QVGl0H3ouca8LDBlBfQKXwmW3huo/59H8rwb1wJw==",
			"dependencies": {
				"tslib": "^2.3.1"
			}
		},
		"node_modules/@smithy/abort-controller": {
			"version": "2.1.4",
			"resolved": "https://registry.npmjs.org/@smithy/abort-controller/-/abort-controller-2.1.4.tgz",
			"integrity": "sha512-66HO817oIZ2otLIqy06R5muapqZjkgF1jfU0wyNko8cuqZNu8nbS9ljlhcRYw/M/uWRJzB9ih81DLSHhYbBLlQ==",
			"dependencies": {
				"@smithy/types": "^2.11.0",
				"tslib": "^2.5.0"
			},
			"engines": {
				"node": ">=14.0.0"
			}
		},
		"node_modules/@smithy/config-resolver": {
			"version": "2.1.5",
			"resolved": "https://registry.npmjs.org/@smithy/config-resolver/-/config-resolver-2.1.5.tgz",
			"integrity": "sha512-LcBB5JQC3Tx2ZExIJzfvWaajhFIwHrUNQeqxhred2r5nnqrdly9uoCrvM1sxOOdghYuWWm2Kr8tBCDOmxsgeTA==",
			"dependencies": {
				"@smithy/node-config-provider": "^2.2.5",
				"@smithy/types": "^2.11.0",
				"@smithy/util-config-provider": "^2.2.1",
				"@smithy/util-middleware": "^2.1.4",
				"tslib": "^2.5.0"
			},
			"engines": {
				"node": ">=14.0.0"
			}
		},
		"node_modules/@smithy/core": {
			"version": "1.3.7",
			"resolved": "https://registry.npmjs.org/@smithy/core/-/core-1.3.7.tgz",
			"integrity": "sha512-zHrrstOO78g+/rOJoHi4j3mGUBtsljRhcKNzloWPv1XIwgcFUi+F1YFKr2qPQ3z7Ls5dNc4L2SPrVarNFIQqog==",
			"dependencies": {
				"@smithy/middleware-endpoint": "^2.4.6",
				"@smithy/middleware-retry": "^2.1.6",
				"@smithy/middleware-serde": "^2.2.1",
				"@smithy/protocol-http": "^3.2.2",
				"@smithy/smithy-client": "^2.4.4",
				"@smithy/types": "^2.11.0",
				"@smithy/util-middleware": "^2.1.4",
				"tslib": "^2.5.0"
			},
			"engines": {
				"node": ">=14.0.0"
			}
		},
		"node_modules/@smithy/credential-provider-imds": {
			"version": "2.2.6",
			"resolved": "https://registry.npmjs.org/@smithy/credential-provider-imds/-/credential-provider-imds-2.2.6.tgz",
			"integrity": "sha512-+xQe4Pite0kdk9qn0Vyw5BRVh0iSlj+T4TEKRXr4E1wZKtVgIzGlkCrfICSjiPVFkPxk4jMpVboMYdEiiA88/w==",
			"dependencies": {
				"@smithy/node-config-provider": "^2.2.5",
				"@smithy/property-provider": "^2.1.4",
				"@smithy/types": "^2.11.0",
				"@smithy/url-parser": "^2.1.4",
				"tslib": "^2.5.0"
			},
			"engines": {
				"node": ">=14.0.0"
			}
		},
		"node_modules/@smithy/eventstream-codec": {
			"version": "2.1.4",
			"resolved": "https://registry.npmjs.org/@smithy/eventstream-codec/-/eventstream-codec-2.1.4.tgz",
			"integrity": "sha512-UkiieTztP7adg8EuqZvB0Y4LewdleZCJU7Kgt9RDutMsRYqO32fMpWeQHeTHaIMosmzcRZUykMRrhwGJe9mP3A==",
			"dependencies": {
				"@aws-crypto/crc32": "3.0.0",
				"@smithy/types": "^2.11.0",
				"@smithy/util-hex-encoding": "^2.1.1",
				"tslib": "^2.5.0"
			}
		},
		"node_modules/@smithy/fetch-http-handler": {
			"version": "2.4.4",
			"resolved": "https://registry.npmjs.org/@smithy/fetch-http-handler/-/fetch-http-handler-2.4.4.tgz",
			"integrity": "sha512-DSUtmsnIx26tPuyyrK49dk2DAhPgEw6xRW7V62nMHIB5dk3NqhGnwcKO2fMdt/l3NUVgia34ZsSJA8bD+3nh7g==",
			"dependencies": {
				"@smithy/protocol-http": "^3.2.2",
				"@smithy/querystring-builder": "^2.1.4",
				"@smithy/types": "^2.11.0",
				"@smithy/util-base64": "^2.2.0",
				"tslib": "^2.5.0"
			}
		},
		"node_modules/@smithy/hash-node": {
			"version": "2.1.4",
			"resolved": "https://registry.npmjs.org/@smithy/hash-node/-/hash-node-2.1.4.tgz",
			"integrity": "sha512-uvCcpDLXaTTL0X/9ezF8T8sS77UglTfZVQaUOBiCvR0QydeSyio3t0Hj3QooVdyFsKTubR8gCk/ubLk3vAyDng==",
			"dependencies": {
				"@smithy/types": "^2.11.0",
				"@smithy/util-buffer-from": "^2.1.1",
				"@smithy/util-utf8": "^2.2.0",
				"tslib": "^2.5.0"
			},
			"engines": {
				"node": ">=14.0.0"
			}
		},
		"node_modules/@smithy/invalid-dependency": {
			"version": "2.1.4",
			"resolved": "https://registry.npmjs.org/@smithy/invalid-dependency/-/invalid-dependency-2.1.4.tgz",
			"integrity": "sha512-QzlNBl6jt3nb9jNnE51wTegReVvUdozyMMrFEyb/rc6AzPID1O+qMJYjAAoNw098y0CZVfCpEnoK2+mfBOd8XA==",
			"dependencies": {
				"@smithy/types": "^2.11.0",
				"tslib": "^2.5.0"
			}
		},
		"node_modules/@smithy/is-array-buffer": {
			"version": "2.1.1",
			"resolved": "https://registry.npmjs.org/@smithy/is-array-buffer/-/is-array-buffer-2.1.1.tgz",
			"integrity": "sha512-xozSQrcUinPpNPNPds4S7z/FakDTh1MZWtRP/2vQtYB/u3HYrX2UXuZs+VhaKBd6Vc7g2XPr2ZtwGBNDN6fNKQ==",
			"dependencies": {
				"tslib": "^2.5.0"
			},
			"engines": {
				"node": ">=14.0.0"
			}
		},
		"node_modules/@smithy/middleware-content-length": {
			"version": "2.1.4",
			"resolved": "https://registry.npmjs.org/@smithy/middleware-content-length/-/middleware-content-length-2.1.4.tgz",
			"integrity": "sha512-C6VRwfcr0w9qRFhDGCpWMVhlEIBFlmlPRP1aX9Cv9xDj9SUwlDrNvoV1oP1vjRYuLxCDgovBBynCwwcluS2wLw==",
			"dependencies": {
				"@smithy/protocol-http": "^3.2.2",
				"@smithy/types": "^2.11.0",
				"tslib": "^2.5.0"
			},
			"engines": {
				"node": ">=14.0.0"
			}
		},
		"node_modules/@smithy/middleware-endpoint": {
			"version": "2.4.6",
			"resolved": "https://registry.npmjs.org/@smithy/middleware-endpoint/-/middleware-endpoint-2.4.6.tgz",
			"integrity": "sha512-AsXtUXHPOAS0EGZUSFOsVJvc7p0KL29PGkLxLfycPOcFVLru/oinYB6yvyL73ZZPX2OB8sMYUMrj7eH2kI7V/w==",
			"dependencies": {
				"@smithy/middleware-serde": "^2.2.1",
				"@smithy/node-config-provider": "^2.2.5",
				"@smithy/shared-ini-file-loader": "^2.3.5",
				"@smithy/types": "^2.11.0",
				"@smithy/url-parser": "^2.1.4",
				"@smithy/util-middleware": "^2.1.4",
				"tslib": "^2.5.0"
			},
			"engines": {
				"node": ">=14.0.0"
			}
		},
		"node_modules/@smithy/middleware-retry": {
			"version": "2.1.6",
			"resolved": "https://registry.npmjs.org/@smithy/middleware-retry/-/middleware-retry-2.1.6.tgz",
			"integrity": "sha512-khpSV0NxqMHfa06kfG4WYv+978sVvfTFmn0hIFKKwOXtIxyYtPKiQWFT4nnwZD07fGdYGbtCBu3YALc8SsA5mA==",
			"dependencies": {
				"@smithy/node-config-provider": "^2.2.5",
				"@smithy/protocol-http": "^3.2.2",
				"@smithy/service-error-classification": "^2.1.4",
				"@smithy/smithy-client": "^2.4.4",
				"@smithy/types": "^2.11.0",
				"@smithy/util-middleware": "^2.1.4",
				"@smithy/util-retry": "^2.1.4",
				"tslib": "^2.5.0",
				"uuid": "^8.3.2"
			},
			"engines": {
				"node": ">=14.0.0"
			}
		},
		"node_modules/@smithy/middleware-retry/node_modules/uuid": {
			"version": "8.3.2",
			"resolved": "https://registry.npmjs.org/uuid/-/uuid-8.3.2.tgz",
			"integrity": "sha512-+NYs2QeMWy+GWFOEm9xnn6HCDp0l7QBD7ml8zLUmJ+93Q5NF0NocErnwkTkXVFNiX3/fpC6afS8Dhb/gz7R7eg==",
			"bin": {
				"uuid": "dist/bin/uuid"
			}
		},
		"node_modules/@smithy/middleware-serde": {
			"version": "2.2.1",
			"resolved": "https://registry.npmjs.org/@smithy/middleware-serde/-/middleware-serde-2.2.1.tgz",
			"integrity": "sha512-VAWRWqnNjgccebndpyK94om4ZTYzXLQxUmNCXYzM/3O9MTfQjTNBgtFtQwyIIez6z7LWcCsXmnKVIOE9mLqAHQ==",
			"dependencies": {
				"@smithy/types": "^2.11.0",
				"tslib": "^2.5.0"
			},
			"engines": {
				"node": ">=14.0.0"
			}
		},
		"node_modules/@smithy/middleware-stack": {
			"version": "2.1.4",
			"resolved": "https://registry.npmjs.org/@smithy/middleware-stack/-/middleware-stack-2.1.4.tgz",
			"integrity": "sha512-Qqs2ba8Ax1rGKOSGJS2JN23fhhox2WMdRuzx0NYHtXzhxbJOIMmz9uQY6Hf4PY8FPteBPp1+h0j5Fmr+oW12sg==",
			"dependencies": {
				"@smithy/types": "^2.11.0",
				"tslib": "^2.5.0"
			},
			"engines": {
				"node": ">=14.0.0"
			}
		},
		"node_modules/@smithy/node-config-provider": {
			"version": "2.2.5",
			"resolved": "https://registry.npmjs.org/@smithy/node-config-provider/-/node-config-provider-2.2.5.tgz",
			"integrity": "sha512-CxPf2CXhjO79IypHJLBATB66Dw6suvr1Yc2ccY39hpR6wdse3pZ3E8RF83SODiNH0Wjmkd0ze4OF8exugEixgA==",
			"dependencies": {
				"@smithy/property-provider": "^2.1.4",
				"@smithy/shared-ini-file-loader": "^2.3.5",
				"@smithy/types": "^2.11.0",
				"tslib": "^2.5.0"
			},
			"engines": {
				"node": ">=14.0.0"
			}
		},
		"node_modules/@smithy/node-http-handler": {
			"version": "2.4.2",
			"resolved": "https://registry.npmjs.org/@smithy/node-http-handler/-/node-http-handler-2.4.2.tgz",
			"integrity": "sha512-yrj3c1g145uiK5io+1UPbJAHo8BSGORkBzrmzvAsOmBKb+1p3jmM8ZwNLDH/HTTxVLm9iM5rMszx+iAh1HUC4Q==",
			"dependencies": {
				"@smithy/abort-controller": "^2.1.4",
				"@smithy/protocol-http": "^3.2.2",
				"@smithy/querystring-builder": "^2.1.4",
				"@smithy/types": "^2.11.0",
				"tslib": "^2.5.0"
			},
			"engines": {
				"node": ">=14.0.0"
			}
		},
		"node_modules/@smithy/property-provider": {
			"version": "2.1.4",
			"resolved": "https://registry.npmjs.org/@smithy/property-provider/-/property-provider-2.1.4.tgz",
			"integrity": "sha512-nWaY/MImj1BiXZ9WY65h45dcxOx8pl06KYoHxwojDxDL+Q9yLU1YnZpgv8zsHhEftlj9KhePENjQTlNowWVyug==",
			"dependencies": {
				"@smithy/types": "^2.11.0",
				"tslib": "^2.5.0"
			},
			"engines": {
				"node": ">=14.0.0"
			}
		},
		"node_modules/@smithy/protocol-http": {
			"version": "3.2.2",
			"resolved": "https://registry.npmjs.org/@smithy/protocol-http/-/protocol-http-3.2.2.tgz",
			"integrity": "sha512-xYBlllOQcOuLoxzhF2u8kRHhIFGQpDeTQj/dBSnw4kfI29WMKL5RnW1m9YjnJAJ49miuIvrkJR+gW5bCQ+Mchw==",
			"dependencies": {
				"@smithy/types": "^2.11.0",
				"tslib": "^2.5.0"
			},
			"engines": {
				"node": ">=14.0.0"
			}
		},
		"node_modules/@smithy/querystring-builder": {
			"version": "2.1.4",
			"resolved": "https://registry.npmjs.org/@smithy/querystring-builder/-/querystring-builder-2.1.4.tgz",
			"integrity": "sha512-LXSL0J/nRWvGT+jIj+Fip3j0J1ZmHkUyBFRzg/4SmPNCLeDrtVu7ptKOnTboPsFZu5BxmpYok3kJuQzzRdrhbw==",
			"dependencies": {
				"@smithy/types": "^2.11.0",
				"@smithy/util-uri-escape": "^2.1.1",
				"tslib": "^2.5.0"
			},
			"engines": {
				"node": ">=14.0.0"
			}
		},
		"node_modules/@smithy/querystring-parser": {
			"version": "2.1.4",
			"resolved": "https://registry.npmjs.org/@smithy/querystring-parser/-/querystring-parser-2.1.4.tgz",
			"integrity": "sha512-U2b8olKXgZAs0eRo7Op11jTNmmcC/sqYmsA7vN6A+jkGnDvJlEl7AetUegbBzU8q3D6WzC5rhR/joIy8tXPzIg==",
			"dependencies": {
				"@smithy/types": "^2.11.0",
				"tslib": "^2.5.0"
			},
			"engines": {
				"node": ">=14.0.0"
			}
		},
		"node_modules/@smithy/service-error-classification": {
			"version": "2.1.4",
			"resolved": "https://registry.npmjs.org/@smithy/service-error-classification/-/service-error-classification-2.1.4.tgz",
			"integrity": "sha512-JW2Hthy21evnvDmYYk1kItOmbp3X5XI5iqorXgFEunb6hQfSDZ7O1g0Clyxg7k/Pcr9pfLk5xDIR2To/IohlsQ==",
			"dependencies": {
				"@smithy/types": "^2.11.0"
			},
			"engines": {
				"node": ">=14.0.0"
			}
		},
		"node_modules/@smithy/shared-ini-file-loader": {
			"version": "2.3.5",
			"resolved": "https://registry.npmjs.org/@smithy/shared-ini-file-loader/-/shared-ini-file-loader-2.3.5.tgz",
			"integrity": "sha512-oI99+hOvsM8oAJtxAGmoL/YCcGXtbP0fjPseYGaNmJ4X5xOFTer0KPk7AIH3AL6c5AlYErivEi1X/X78HgTVIw==",
			"dependencies": {
				"@smithy/types": "^2.11.0",
				"tslib": "^2.5.0"
			},
			"engines": {
				"node": ">=14.0.0"
			}
		},
		"node_modules/@smithy/signature-v4": {
			"version": "2.1.4",
			"resolved": "https://registry.npmjs.org/@smithy/signature-v4/-/signature-v4-2.1.4.tgz",
			"integrity": "sha512-gnu9gCn0qQ8IdhNjs6o3QVCXzUs33znSDYwVMWo3nX4dM6j7z9u6FC302ShYyVWfO4MkVMuGCCJ6nl3PcH7V1Q==",
			"dependencies": {
				"@smithy/eventstream-codec": "^2.1.4",
				"@smithy/is-array-buffer": "^2.1.1",
				"@smithy/types": "^2.11.0",
				"@smithy/util-hex-encoding": "^2.1.1",
				"@smithy/util-middleware": "^2.1.4",
				"@smithy/util-uri-escape": "^2.1.1",
				"@smithy/util-utf8": "^2.2.0",
				"tslib": "^2.5.0"
			},
			"engines": {
				"node": ">=14.0.0"
			}
		},
		"node_modules/@smithy/smithy-client": {
			"version": "2.4.4",
			"resolved": "https://registry.npmjs.org/@smithy/smithy-client/-/smithy-client-2.4.4.tgz",
			"integrity": "sha512-SNE17wjycPZIJ2P5sv6wMTteV/vQVPdaqQkoK1KeGoWHXx79t3iLhQXj1uqRdlkMUS9pXJrLOAS+VvUSOYwQKw==",
			"dependencies": {
				"@smithy/middleware-endpoint": "^2.4.6",
				"@smithy/middleware-stack": "^2.1.4",
				"@smithy/protocol-http": "^3.2.2",
				"@smithy/types": "^2.11.0",
				"@smithy/util-stream": "^2.1.4",
				"tslib": "^2.5.0"
			},
			"engines": {
				"node": ">=14.0.0"
			}
		},
		"node_modules/@smithy/types": {
			"version": "2.11.0",
			"resolved": "https://registry.npmjs.org/@smithy/types/-/types-2.11.0.tgz",
			"integrity": "sha512-AR0SXO7FuAskfNhyGfSTThpLRntDI5bOrU0xrpVYU0rZyjl3LBXInZFMTP/NNSd7IS6Ksdtar0QvnrPRIhVrLQ==",
			"dependencies": {
				"tslib": "^2.5.0"
			},
			"engines": {
				"node": ">=14.0.0"
			}
		},
		"node_modules/@smithy/url-parser": {
			"version": "2.1.4",
			"resolved": "https://registry.npmjs.org/@smithy/url-parser/-/url-parser-2.1.4.tgz",
			"integrity": "sha512-1hTy6UYRYqOZlHKH2/2NzdNQ4NNmW2Lp0sYYvztKy+dEQuLvZL9w88zCzFQqqFer3DMcscYOshImxkJTGdV+rg==",
			"dependencies": {
				"@smithy/querystring-parser": "^2.1.4",
				"@smithy/types": "^2.11.0",
				"tslib": "^2.5.0"
			}
		},
		"node_modules/@smithy/util-base64": {
			"version": "2.2.0",
			"resolved": "https://registry.npmjs.org/@smithy/util-base64/-/util-base64-2.2.0.tgz",
			"integrity": "sha512-RiQI/Txu0SxCR38Ky5BMEVaFfkNTBjpbxlr2UhhxggSmnsHDQPZJWMtPoXs7TWZaseslIlAWMiHmqRT3AV/P2w==",
			"dependencies": {
				"@smithy/util-buffer-from": "^2.1.1",
				"@smithy/util-utf8": "^2.2.0",
				"tslib": "^2.5.0"
			},
			"engines": {
				"node": ">=14.0.0"
			}
		},
		"node_modules/@smithy/util-body-length-browser": {
			"version": "2.1.1",
			"resolved": "https://registry.npmjs.org/@smithy/util-body-length-browser/-/util-body-length-browser-2.1.1.tgz",
			"integrity": "sha512-ekOGBLvs1VS2d1zM2ER4JEeBWAvIOUKeaFch29UjjJsxmZ/f0L3K3x0dEETgh3Q9bkZNHgT+rkdl/J/VUqSRag==",
			"dependencies": {
				"tslib": "^2.5.0"
			}
		},
		"node_modules/@smithy/util-body-length-node": {
			"version": "2.2.1",
			"resolved": "https://registry.npmjs.org/@smithy/util-body-length-node/-/util-body-length-node-2.2.1.tgz",
			"integrity": "sha512-/ggJG+ta3IDtpNVq4ktmEUtOkH1LW64RHB5B0hcr5ZaWBmo96UX2cIOVbjCqqDickTXqBWZ4ZO0APuaPrD7Abg==",
			"dependencies": {
				"tslib": "^2.5.0"
			},
			"engines": {
				"node": ">=14.0.0"
			}
		},
		"node_modules/@smithy/util-buffer-from": {
			"version": "2.1.1",
			"resolved": "https://registry.npmjs.org/@smithy/util-buffer-from/-/util-buffer-from-2.1.1.tgz",
			"integrity": "sha512-clhNjbyfqIv9Md2Mg6FffGVrJxw7bgK7s3Iax36xnfVj6cg0fUG7I4RH0XgXJF8bxi+saY5HR21g2UPKSxVCXg==",
			"dependencies": {
				"@smithy/is-array-buffer": "^2.1.1",
				"tslib": "^2.5.0"
			},
			"engines": {
				"node": ">=14.0.0"
			}
		},
		"node_modules/@smithy/util-config-provider": {
			"version": "2.2.1",
			"resolved": "https://registry.npmjs.org/@smithy/util-config-provider/-/util-config-provider-2.2.1.tgz",
			"integrity": "sha512-50VL/tx9oYYcjJn/qKqNy7sCtpD0+s8XEBamIFo4mFFTclKMNp+rsnymD796uybjiIquB7VCB/DeafduL0y2kw==",
			"dependencies": {
				"tslib": "^2.5.0"
			},
			"engines": {
				"node": ">=14.0.0"
			}
		},
		"node_modules/@smithy/util-defaults-mode-browser": {
			"version": "2.1.6",
			"resolved": "https://registry.npmjs.org/@smithy/util-defaults-mode-browser/-/util-defaults-mode-browser-2.1.6.tgz",
			"integrity": "sha512-lM2JMYCilrejfGf8WWnVfrKly3vf+mc5x9TrTpT++qIKP452uWfLqlaUxbz1TkSfhqm8RjrlY22589B9aI8A9w==",
			"dependencies": {
				"@smithy/property-provider": "^2.1.4",
				"@smithy/smithy-client": "^2.4.4",
				"@smithy/types": "^2.11.0",
				"bowser": "^2.11.0",
				"tslib": "^2.5.0"
			},
			"engines": {
				"node": ">= 10.0.0"
			}
		},
		"node_modules/@smithy/util-defaults-mode-node": {
			"version": "2.2.6",
			"resolved": "https://registry.npmjs.org/@smithy/util-defaults-mode-node/-/util-defaults-mode-node-2.2.6.tgz",
			"integrity": "sha512-UmUbPHbkBJCXRFbq+FPLpVwiFPHj1oPWXJS2f2sy23PtXM94c9X5EceI6JKuKdBty+tzhrAs5JbmPM/HvmDB8Q==",
			"dependencies": {
				"@smithy/config-resolver": "^2.1.5",
				"@smithy/credential-provider-imds": "^2.2.6",
				"@smithy/node-config-provider": "^2.2.5",
				"@smithy/property-provider": "^2.1.4",
				"@smithy/smithy-client": "^2.4.4",
				"@smithy/types": "^2.11.0",
				"tslib": "^2.5.0"
			},
			"engines": {
				"node": ">= 10.0.0"
			}
		},
		"node_modules/@smithy/util-endpoints": {
			"version": "1.1.5",
			"resolved": "https://registry.npmjs.org/@smithy/util-endpoints/-/util-endpoints-1.1.5.tgz",
			"integrity": "sha512-tgDpaUNsUtRvNiBulKU1VnpoXU1GINMfZZXunRhUXOTBEAufG1Wp79uDXLau2gg1RZ4dpAR6lXCkrmddihCGUg==",
			"dependencies": {
				"@smithy/node-config-provider": "^2.2.5",
				"@smithy/types": "^2.11.0",
				"tslib": "^2.5.0"
			},
			"engines": {
				"node": ">= 14.0.0"
			}
		},
		"node_modules/@smithy/util-hex-encoding": {
			"version": "2.1.1",
			"resolved": "https://registry.npmjs.org/@smithy/util-hex-encoding/-/util-hex-encoding-2.1.1.tgz",
			"integrity": "sha512-3UNdP2pkYUUBGEXzQI9ODTDK+Tcu1BlCyDBaRHwyxhA+8xLP8agEKQq4MGmpjqb4VQAjq9TwlCQX0kP6XDKYLg==",
			"dependencies": {
				"tslib": "^2.5.0"
			},
			"engines": {
				"node": ">=14.0.0"
			}
		},
		"node_modules/@smithy/util-middleware": {
			"version": "2.1.4",
			"resolved": "https://registry.npmjs.org/@smithy/util-middleware/-/util-middleware-2.1.4.tgz",
			"integrity": "sha512-5yYNOgCN0DL0OplME0pthoUR/sCfipnROkbTO7m872o0GHCVNJj5xOFJ143rvHNA54+pIPMLum4z2DhPC2pVGA==",
			"dependencies": {
				"@smithy/types": "^2.11.0",
				"tslib": "^2.5.0"
			},
			"engines": {
				"node": ">=14.0.0"
			}
		},
		"node_modules/@smithy/util-retry": {
			"version": "2.1.4",
			"resolved": "https://registry.npmjs.org/@smithy/util-retry/-/util-retry-2.1.4.tgz",
			"integrity": "sha512-JRZwhA3fhkdenSEYIWatC8oLwt4Bdf2LhHbNQApqb7yFoIGMl4twcYI3BcJZ7YIBZrACA9jGveW6tuCd836XzQ==",
			"dependencies": {
				"@smithy/service-error-classification": "^2.1.4",
				"@smithy/types": "^2.11.0",
				"tslib": "^2.5.0"
			},
			"engines": {
				"node": ">= 14.0.0"
			}
		},
		"node_modules/@smithy/util-stream": {
			"version": "2.1.4",
			"resolved": "https://registry.npmjs.org/@smithy/util-stream/-/util-stream-2.1.4.tgz",
			"integrity": "sha512-CiWaFPXstoR7v/PGHddFckovkhJb28wgQR7LwIt6RsQCJeRIHvUTVWhXw/Pco6Jm6nz/vfzN9FFdj/JN7RTkxQ==",
			"dependencies": {
				"@smithy/fetch-http-handler": "^2.4.4",
				"@smithy/node-http-handler": "^2.4.2",
				"@smithy/types": "^2.11.0",
				"@smithy/util-base64": "^2.2.0",
				"@smithy/util-buffer-from": "^2.1.1",
				"@smithy/util-hex-encoding": "^2.1.1",
				"@smithy/util-utf8": "^2.2.0",
				"tslib": "^2.5.0"
			},
			"engines": {
				"node": ">=14.0.0"
			}
		},
		"node_modules/@smithy/util-uri-escape": {
			"version": "2.1.1",
			"resolved": "https://registry.npmjs.org/@smithy/util-uri-escape/-/util-uri-escape-2.1.1.tgz",
			"integrity": "sha512-saVzI1h6iRBUVSqtnlOnc9ssU09ypo7n+shdQ8hBTZno/9rZ3AuRYvoHInV57VF7Qn7B+pFJG7qTzFiHxWlWBw==",
			"dependencies": {
				"tslib": "^2.5.0"
			},
			"engines": {
				"node": ">=14.0.0"
			}
		},
		"node_modules/@smithy/util-utf8": {
			"version": "2.2.0",
			"resolved": "https://registry.npmjs.org/@smithy/util-utf8/-/util-utf8-2.2.0.tgz",
			"integrity": "sha512-hBsKr5BqrDrKS8qy+YcV7/htmMGxriA1PREOf/8AGBhHIZnfilVv1Waf1OyKhSbFW15U/8+gcMUQ9/Kk5qwpHQ==",
			"dependencies": {
				"@smithy/util-buffer-from": "^2.1.1",
				"tslib": "^2.5.0"
			},
			"engines": {
				"node": ">=14.0.0"
			}
		},
		"node_modules/bowser": {
			"version": "2.11.0",
			"resolved": "https://registry.npmjs.org/bowser/-/bowser-2.11.0.tgz",
			"integrity": "sha512-AlcaJBi/pqqJBIQ8U9Mcpc9i8Aqxn88Skv5d+xBX006BY5u8N3mGLHa5Lgppa7L/HfwgwLgZ6NYs+Ag6uUmJRA=="
		},
		"node_modules/dotenv": {
			"version": "16.3.1",
			"resolved": "https://registry.npmjs.org/dotenv/-/dotenv-16.3.1.tgz",
			"integrity": "sha512-IPzF4w4/Rd94bA9imS68tZBaYyBWSCE47V1RGuMrB94iyTOIEwRmVL2x/4An+6mETpLrKJ5hQkB8W4kFAadeIQ==",
			"engines": {
				"node": ">=12"
			},
			"funding": {
				"url": "https://github.com/motdotla/dotenv?sponsor=1"
			}
		},
		"node_modules/fast-xml-parser": {
			"version": "4.2.5",
			"resolved": "https://registry.npmjs.org/fast-xml-parser/-/fast-xml-parser-4.2.5.tgz",
			"integrity": "sha512-B9/wizE4WngqQftFPmdaMYlXoJlJOYxGQOanC77fq9k8+Z0v5dDSVh+3glErdIROP//s/jgb7ZuxKfB8nVyo0g==",
			"funding": [
				{
					"type": "paypal",
					"url": "https://paypal.me/naturalintelligence"
				},
				{
					"type": "github",
					"url": "https://github.com/sponsors/NaturalIntelligence"
				}
			],
			"dependencies": {
				"strnum": "^1.0.5"
			},
			"bin": {
				"fxparser": "src/cli/cli.js"
			}
		},
		"node_modules/strnum": {
			"version": "1.0.5",
			"resolved": "https://registry.npmjs.org/strnum/-/strnum-1.0.5.tgz",
			"integrity": "sha512-J8bbNyKKXl5qYcR36TIO8W3mVGVHrmmxsd5PAItGkmyzwJvybiw2IVq5nqd0i4LSNSkB/sx9VHllbfFdr9k1JA=="
		},
		"node_modules/tslib": {
			"version": "2.6.2",
			"resolved": "https://registry.npmjs.org/tslib/-/tslib-2.6.2.tgz",
			"integrity": "sha512-AEYxH93jGFPn/a2iVAwW87VuUIkR1FVUKB77NwMF7nBTDkDrrT/Hpt/IrCJ0QXhW27jTBDcf5ZY7w6RiqTMw2Q=="
		},
		"node_modules/uuid": {
			"version": "9.0.1",
			"resolved": "https://registry.npmjs.org/uuid/-/uuid-9.0.1.tgz",
			"integrity": "sha512-b+1eJOlsR9K8HJpow9Ok3fiWOWSIcIzXodvv0rQjVoOVNpWMpxf1wZNpt4y9h10odCNrqnYp1OBzRktckBe3sA==",
			"funding": [
				"https://github.com/sponsors/broofa",
				"https://github.com/sponsors/ctavan"
			],
			"bin": {
				"uuid": "dist/bin/uuid"
			}
		}
	}
}
